# This file is automatically @generated by Poetry 1.8.2 and should not be changed by hand.

[[package]]
name = "aerospike"
version = "15.0.0"
description = "Aerospike Client Library for Python"
optional = false
python-versions = "*"
files = [
    {file = "aerospike-15.0.0-cp310-cp310-macosx_10_9_x86_64.whl", hash = "sha256:4d17ff7a3c4ea0f43074dfd298c6e35ab7c45db26c8cc1acaf87613ca4def940"},
    {file = "aerospike-15.0.0-cp310-cp310-macosx_12_0_arm64.whl", hash = "sha256:66d0771f690db08e4c9b5294ee16b9f06a31547c973453712d91559deee570ad"},
    {file = "aerospike-15.0.0-cp310-cp310-manylinux_2_17_aarch64.manylinux2014_aarch64.whl", hash = "sha256:fb62accc3adc8eae8f31e0f119b999fdd2eb4b652d58fccb7e7d75ae8f65ef51"},
    {file = "aerospike-15.0.0-cp310-cp310-manylinux_2_17_x86_64.manylinux2014_x86_64.whl", hash = "sha256:d4b1620e2b495b2006b34460952175d021f5911823f9bd222f90581f848b0ab0"},
    {file = "aerospike-15.0.0-cp310-cp310-win_amd64.whl", hash = "sha256:7e4cc569139ae7ab9b152ce1ec81104324e0fe357f2876583632fa6a33b2cd9c"},
    {file = "aerospike-15.0.0-cp311-cp311-macosx_10_9_x86_64.whl", hash = "sha256:d9000dc37330a4e628028664be3b15bc9915653b8161c3c6d5c9bded96bd3482"},
    {file = "aerospike-15.0.0-cp311-cp311-macosx_12_0_arm64.whl", hash = "sha256:434ef2b8f2a6304e95e144e3d877139e57492811dacf747c586ecd6215ca3088"},
    {file = "aerospike-15.0.0-cp311-cp311-manylinux_2_17_aarch64.manylinux2014_aarch64.whl", hash = "sha256:1be698689b8b42d65d9bbffc80d122c3e1f2f8471b32a3ab300631136edf478a"},
    {file = "aerospike-15.0.0-cp311-cp311-manylinux_2_17_x86_64.manylinux2014_x86_64.whl", hash = "sha256:34d7580a27eef28ea4300e0a4d39a72c5dcd3f9b8efeee6361fe621a158fc264"},
    {file = "aerospike-15.0.0-cp311-cp311-win_amd64.whl", hash = "sha256:733ee1955ee4da85c4f11b62d9c59e25e3f109b12df3dfa8e0dfe7a5355725cd"},
    {file = "aerospike-15.0.0-cp312-cp312-macosx_10_9_x86_64.whl", hash = "sha256:9a3f3f7f9ad93b345899fe10b0ef63a21ad8c2ef9b177a9bc836cf2c661462e4"},
    {file = "aerospike-15.0.0-cp312-cp312-macosx_12_0_arm64.whl", hash = "sha256:449004f30c25724efbcedaf6fc3a783f630714438c08f7b778d54d778be5ad7e"},
    {file = "aerospike-15.0.0-cp312-cp312-manylinux_2_17_aarch64.manylinux2014_aarch64.whl", hash = "sha256:7350eb463356f2745b2e717420f5c654539e6f5c848fa01c7da861e354c1d5c5"},
    {file = "aerospike-15.0.0-cp312-cp312-manylinux_2_17_x86_64.manylinux2014_x86_64.whl", hash = "sha256:2eec0bc639e927c307117a13d86fac576fa7db1e9e3d792ad149bb62b33bfdcb"},
    {file = "aerospike-15.0.0-cp312-cp312-win_amd64.whl", hash = "sha256:bb3ef7998fed3c3f053458776d7ea074fb9d48b17679ef8a712d08f4fe3b79f1"},
    {file = "aerospike-15.0.0-cp38-cp38-macosx_10_9_x86_64.whl", hash = "sha256:f067082bd89259b7a24ba0a87cc0ab35cb0129a8adb636e0bc30b0ef6f250228"},
    {file = "aerospike-15.0.0-cp38-cp38-macosx_12_0_arm64.whl", hash = "sha256:70822c390940cfbfb1e9a316a3ef081415976d327975cb525978613e9cb31611"},
    {file = "aerospike-15.0.0-cp38-cp38-manylinux_2_17_aarch64.manylinux2014_aarch64.whl", hash = "sha256:91ef174fa4edb8d8b4dc1731fa00bbaf28a1f900e475f8eb3b3e760db8b107f8"},
    {file = "aerospike-15.0.0-cp38-cp38-manylinux_2_17_x86_64.manylinux2014_x86_64.whl", hash = "sha256:774a2c35da58e0bdbee034f301c9f64f485772e7357980ddea3147ca4ab5f6d2"},
    {file = "aerospike-15.0.0-cp38-cp38-win_amd64.whl", hash = "sha256:378a2664075cd8b9e89b66694dbee63cbfe0b47a1a19af0668636a2fc56d851c"},
    {file = "aerospike-15.0.0-cp39-cp39-macosx_10_9_x86_64.whl", hash = "sha256:5df9447b21154b9eb1b1e804827d43a76ca4d2798959e2546b55c2aba35597ba"},
    {file = "aerospike-15.0.0-cp39-cp39-macosx_12_0_arm64.whl", hash = "sha256:e19f9ba735cae1ff38103cbed1d44c9b34612005c43efe53360601ff4636faa7"},
    {file = "aerospike-15.0.0-cp39-cp39-manylinux_2_17_aarch64.manylinux2014_aarch64.whl", hash = "sha256:4f750d01ef768221266238afb0b909991610a102b83477c0fd287f7f37072bf2"},
    {file = "aerospike-15.0.0-cp39-cp39-manylinux_2_17_x86_64.manylinux2014_x86_64.whl", hash = "sha256:ad2f432af0751d3aec018f23b98b3d3e835dbfc19df864f5106f63fcce4a3ee6"},
    {file = "aerospike-15.0.0-cp39-cp39-win_amd64.whl", hash = "sha256:1d409f3f52bf5ab44fed4d9f31444d241027d5b7fc56a35f2ec2cdb757ac1762"},
    {file = "aerospike-15.0.0.tar.gz", hash = "sha256:e6f4061da476a4cb70bbdf96dae9a4c94028403f090d2ce5af4e69dae16621e3"},
]

[[package]]
name = "async-timeout"
version = "4.0.3"
description = "Timeout context manager for asyncio programs"
optional = false
python-versions = ">=3.7"
files = [
    {file = "async-timeout-4.0.3.tar.gz", hash = "sha256:4640d96be84d82d02ed59ea2b7105a0f7b33abe8703703cd0ab0bf87c427522f"},
    {file = "async_timeout-4.0.3-py3-none-any.whl", hash = "sha256:7405140ff1230c310e51dc27b3145b9092d659ce68ff733fb0cefe3ee42be028"},
]

[[package]]
name = "colorama"
version = "0.4.6"
description = "Cross-platform colored terminal text."
optional = false
python-versions = "!=3.0.*,!=3.1.*,!=3.2.*,!=3.3.*,!=3.4.*,!=3.5.*,!=3.6.*,>=2.7"
files = [
    {file = "colorama-0.4.6-py2.py3-none-any.whl", hash = "sha256:4f1d9991f5acc0ca119f9d443620b77f9d6b33703e51011c16baf57afb285fc6"},
    {file = "colorama-0.4.6.tar.gz", hash = "sha256:08695f5cb7ed6e0531a20572697297273c47b8cae5a63ffc6d6ed5c201be6e44"},
]

[[package]]
name = "confluent-kafka"
version = "2.5.0"
description = "Confluent's Python client for Apache Kafka"
optional = false
python-versions = "*"
files = [
    {file = "confluent-kafka-2.5.0.tar.gz", hash = "sha256:551cabaade717bb56ec13eb860ce439bedbcf1c97f4a4aa26957572ed1bfa74f"},
    {file = "confluent_kafka-2.5.0-cp310-cp310-macosx_10_9_x86_64.whl", hash = "sha256:5509a219128fb177fa4186a8669071cc52acd52eba436f339edb9063aabb486d"},
    {file = "confluent_kafka-2.5.0-cp310-cp310-macosx_11_0_arm64.whl", hash = "sha256:ff98d8fbe7d3671cac3e1b692c13f160cf508b525c110a89906ffabd1cc140fe"},
    {file = "confluent_kafka-2.5.0-cp310-cp310-manylinux_2_28_aarch64.whl", hash = "sha256:72ffae4387d283cb5657b6381a893c7231c26a9b4248557e7f030de76156290a"},
    {file = "confluent_kafka-2.5.0-cp310-cp310-manylinux_2_28_x86_64.whl", hash = "sha256:75873087fd1bd753e082f74ab97f68cc3a0765d6b600c2ac3d3a0beffbdc569d"},
    {file = "confluent_kafka-2.5.0-cp310-cp310-win_amd64.whl", hash = "sha256:2af917f93ac3a0aa88e6bee9b2056c1c176621e4a9c8f7051cc8646b81f91327"},
    {file = "confluent_kafka-2.5.0-cp311-cp311-macosx_10_9_x86_64.whl", hash = "sha256:efc8c48d5dbbcd1b56afe737df8156a74e62b50481ccffe581b9926eaa16c014"},
    {file = "confluent_kafka-2.5.0-cp311-cp311-macosx_11_0_arm64.whl", hash = "sha256:7b9f867c7e955a48ed60dee0da9c157b0f84e67724f7e42591bbcf6867e3865f"},
    {file = "confluent_kafka-2.5.0-cp311-cp311-manylinux_2_28_aarch64.whl", hash = "sha256:b064baf6a93ab58199e63bddf73d9f2c855b89cc376d5313c2f89c633aa3254a"},
    {file = "confluent_kafka-2.5.0-cp311-cp311-manylinux_2_28_x86_64.whl", hash = "sha256:a55f3d761c8463c504012ad9b06be33ef07f301f246e61d656cc927d35763f82"},
    {file = "confluent_kafka-2.5.0-cp311-cp311-win_amd64.whl", hash = "sha256:c05a677b1dbdcf2a4532e2cf41e78d2e2ffb3a6829347caf2825f472cda59e69"},
    {file = "confluent_kafka-2.5.0-cp312-cp312-macosx_10_9_x86_64.whl", hash = "sha256:db987d8953d0d58a28a455e43a1da74a0e9dec7a12a74f5abd85a7cb308aefd4"},
    {file = "confluent_kafka-2.5.0-cp312-cp312-macosx_11_0_arm64.whl", hash = "sha256:7d828ebb45db153cd462e72c575f8683c2c56ddba62b282aa36d9c365847e212"},
    {file = "confluent_kafka-2.5.0-cp312-cp312-manylinux_2_28_aarch64.whl", hash = "sha256:fb863f76605e9bbbb1d7f02abf05899cf1435421aa721a5be212c600bd054aa3"},
    {file = "confluent_kafka-2.5.0-cp312-cp312-manylinux_2_28_x86_64.whl", hash = "sha256:92efb98908e29f597c77ab97faa064f670b681f4540c3eabc415b8a6e58df9bf"},
    {file = "confluent_kafka-2.5.0-cp312-cp312-win_amd64.whl", hash = "sha256:d668b5c426af595271bf6fce2917a6c3a15453656077a59db85f440958b5ccc2"},
    {file = "confluent_kafka-2.5.0-cp36-cp36m-macosx_10_9_x86_64.whl", hash = "sha256:797250f1a66024dd8b1c94764cc75e1d7bd1b7224a0b982678eafbb39714874e"},
    {file = "confluent_kafka-2.5.0-cp36-cp36m-manylinux_2_28_aarch64.whl", hash = "sha256:e81dc0a2980e597848b73983ce6e0b4ae7d129c01370cd9f31599c15c5d02a5d"},
    {file = "confluent_kafka-2.5.0-cp36-cp36m-manylinux_2_28_x86_64.whl", hash = "sha256:ffda33c86f5fee6ae678cca039915a0c4c1863bbc592b6f2f82abfddc173b0d3"},
    {file = "confluent_kafka-2.5.0-cp36-cp36m-win_amd64.whl", hash = "sha256:7410bd5b0d6f54df5fa3313c75801a6ebcfab7cbfb947c3f56149e38b0fe924c"},
    {file = "confluent_kafka-2.5.0-cp37-cp37m-macosx_10_9_x86_64.whl", hash = "sha256:9a29dc4b7d4a754037d7d8e3ad1873a27b16e7de8c0a06755456b20803a70b16"},
    {file = "confluent_kafka-2.5.0-cp37-cp37m-manylinux_2_28_aarch64.whl", hash = "sha256:089b68a43c3b911356a4ff08fa862245f1333387b79221ac7f60d99e5b4e24d6"},
    {file = "confluent_kafka-2.5.0-cp37-cp37m-manylinux_2_28_x86_64.whl", hash = "sha256:c3a17ebdd97c803cf369c8615a474ca0bea39b5f5944e51f1c320aee8d6d5da9"},
    {file = "confluent_kafka-2.5.0-cp37-cp37m-win_amd64.whl", hash = "sha256:151656afaeb623b46c042a752091d8b17fd05ff7d309be6d8b4953b8dc0783bc"},
    {file = "confluent_kafka-2.5.0-cp38-cp38-macosx_10_9_x86_64.whl", hash = "sha256:570fc091cdcf9d1baf90c5f4965322cea8185ba8698d0f02cd1c8bd38bf6664a"},
    {file = "confluent_kafka-2.5.0-cp38-cp38-macosx_11_0_arm64.whl", hash = "sha256:bd57edf51434d6ec289339a0c9b627ca1f1e7c1130e348c0b411407183db53c6"},
    {file = "confluent_kafka-2.5.0-cp38-cp38-manylinux_2_28_aarch64.whl", hash = "sha256:8975fea2ccd6927aad188e198e1688ef16589dc36b42f7a33ad07b1ca1341901"},
    {file = "confluent_kafka-2.5.0-cp38-cp38-manylinux_2_28_x86_64.whl", hash = "sha256:7c0b1a7774905c9e3c24d09d9b8463d771685e4105150c2503185537a6a590f9"},
    {file = "confluent_kafka-2.5.0-cp38-cp38-win_amd64.whl", hash = "sha256:eaf01cd79b4d2cdbdf1e7b6ace9c846ae9ad9f4cf573617bbb5735a5c48cbd20"},
    {file = "confluent_kafka-2.5.0-cp39-cp39-macosx_10_9_x86_64.whl", hash = "sha256:fa789332fd40a9e99b9388f87f28db8fc7dd8ca54a1d24d0bcd0ad33f50f3528"},
    {file = "confluent_kafka-2.5.0-cp39-cp39-macosx_11_0_arm64.whl", hash = "sha256:e917db155dc3a64e1496b293a3ceb0a8edf23e0bd6f93d43576c40f0c59d3067"},
    {file = "confluent_kafka-2.5.0-cp39-cp39-manylinux_2_28_aarch64.whl", hash = "sha256:a8bb3af6d1f109aaac5514c65a46cac933d78b3935f6fea52fe1f2ea6a9951bf"},
    {file = "confluent_kafka-2.5.0-cp39-cp39-manylinux_2_28_x86_64.whl", hash = "sha256:a1fb72461dcf7aa7e1834133eb733f824331aafda87ef48ec917d9b09c805a99"},
    {file = "confluent_kafka-2.5.0-cp39-cp39-win_amd64.whl", hash = "sha256:4bda1b5fa87cb993bcd964d271a76cc11cafa2455de02ab5eff6efd9e688d55e"},
]

[package.extras]
avro = ["avro (>=1.11.1,<2)", "fastavro (>=0.23.0,<1.0)", "fastavro (>=1.0)", "requests"]
dev = ["avro (>=1.11.1,<2)", "fastavro (>=0.23.0,<1.0)", "fastavro (>=1.0)", "flake8", "pytest", "pytest (==4.6.4)", "pytest-timeout", "requests"]
doc = ["avro (>=1.11.1,<2)", "fastavro (>=0.23.0,<1.0)", "fastavro (>=1.0)", "requests", "sphinx", "sphinx-rtd-theme"]
json = ["jsonschema", "pyrsistent", "pyrsistent (==0.16.1)", "requests"]
protobuf = ["protobuf", "requests"]
schema-registry = ["requests"]

[[package]]
name = "exceptiongroup"
version = "1.2.2"
description = "Backport of PEP 654 (exception groups)"
optional = false
python-versions = ">=3.7"
files = [
    {file = "exceptiongroup-1.2.2-py3-none-any.whl", hash = "sha256:3111b9d131c238bec2f8f516e123e14ba243563fb135d3fe885990585aa7795b"},
    {file = "exceptiongroup-1.2.2.tar.gz", hash = "sha256:47c2edf7c6738fafb49fd34290706d1a1a2f4d1c6df275526b62cbb4aa5393cc"},
]

[package.extras]
test = ["pytest (>=6)"]

[[package]]
name = "iniconfig"
version = "2.0.0"
description = "brain-dead simple config-ini parsing"
optional = false
python-versions = ">=3.7"
files = [
    {file = "iniconfig-2.0.0-py3-none-any.whl", hash = "sha256:b6a85871a79d2e3b22d2d1b94ac2824226a63c6b741c88f7ae975f18b6778374"},
    {file = "iniconfig-2.0.0.tar.gz", hash = "sha256:2d91e135bf72d31a410b17c16da610a82cb55f6b0477d1a902134b24a455b8b3"},
]

[[package]]
name = "kafka-python"
version = "2.0.2"
description = "Pure Python client for Apache Kafka"
optional = false
python-versions = "*"
files = [
    {file = "kafka-python-2.0.2.tar.gz", hash = "sha256:04dfe7fea2b63726cd6f3e79a2d86e709d608d74406638c5da33a01d45a9d7e3"},
    {file = "kafka_python-2.0.2-py2.py3-none-any.whl", hash = "sha256:2d92418c7cb1c298fa6c7f0fb3519b520d0d7526ac6cb7ae2a4fc65a51a94b6e"},
]

[package.extras]
crc32c = ["crc32c"]

[[package]]
name = "packaging"
version = "24.1"
description = "Core utilities for Python packages"
optional = false
python-versions = ">=3.8"
files = [
    {file = "packaging-24.1-py3-none-any.whl", hash = "sha256:5b8f2217dbdbd2f7f384c41c628544e6d52f2d0f53c6d0c3ea61aa5d1d7ff124"},
    {file = "packaging-24.1.tar.gz", hash = "sha256:026ed72c8ed3fcce5bf8950572258698927fd1dbda10a5e981cdf0ac37f4f002"},
]

[[package]]
name = "pluggy"
version = "1.5.0"
description = "plugin and hook calling mechanisms for python"
optional = false
python-versions = ">=3.8"
files = [
    {file = "pluggy-1.5.0-py3-none-any.whl", hash = "sha256:44e1ad92c8ca002de6377e165f3e0f1be63266ab4d554740532335b9d75ea669"},
    {file = "pluggy-1.5.0.tar.gz", hash = "sha256:2cffa88e94fdc978c4c574f15f9e59b7f4201d439195c3715ca9e2486f1d0cf1"},
]

[package.extras]
dev = ["pre-commit", "tox"]
testing = ["pytest", "pytest-benchmark"]

[[package]]
name = "pytest"
version = "7.4.4"
description = "pytest: simple powerful testing with Python"
optional = false
python-versions = ">=3.7"
files = [
    {file = "pytest-7.4.4-py3-none-any.whl", hash = "sha256:b090cdf5ed60bf4c45261be03239c2c1c22df034fbffe691abe93cd80cea01d8"},
    {file = "pytest-7.4.4.tar.gz", hash = "sha256:2cf0005922c6ace4a3e2ec8b4080eb0d9753fdc93107415332f50ce9e7994280"},
]

[package.dependencies]
colorama = {version = "*", markers = "sys_platform == \"win32\""}
exceptiongroup = {version = ">=1.0.0rc8", markers = "python_version < \"3.11\""}
iniconfig = "*"
packaging = "*"
pluggy = ">=0.12,<2.0"
tomli = {version = ">=1.0.0", markers = "python_version < \"3.11\""}

[package.extras]
testing = ["argcomplete", "attrs (>=19.2.0)", "hypothesis (>=3.56)", "mock", "nose", "pygments (>=2.7.2)", "requests", "setuptools", "xmlschema"]

[[package]]
name = "python-dotenv"
version = "1.0.1"
description = "Read key-value pairs from a .env file and set them as environment variables"
optional = false
python-versions = ">=3.8"
files = [
    {file = "python-dotenv-1.0.1.tar.gz", hash = "sha256:e324ee90a023d808f1959c46bcbc04446a10ced277783dc6ee09987c37ec10ca"},
    {file = "python_dotenv-1.0.1-py3-none-any.whl", hash = "sha256:f7b63ef50f1b690dddf550d03497b66d609393b40b564ed0d674909a68ebf16a"},
]

[package.extras]
cli = ["click (>=5.0)"]

[[package]]
name = "pytz"
version = "2024.1"
description = "World timezone definitions, modern and historical"
optional = false
python-versions = "*"
files = [
    {file = "pytz-2024.1-py2.py3-none-any.whl", hash = "sha256:328171f4e3623139da4983451950b28e95ac706e13f3f2630a879749e7a8b319"},
    {file = "pytz-2024.1.tar.gz", hash = "sha256:2a29735ea9c18baf14b448846bde5a48030ed267578472d8955cd0e7443a9812"},
]

[[package]]
name = "redis"
version = "4.6.0"
description = "Python client for Redis database and key-value store"
optional = false
python-versions = ">=3.7"
files = [
    {file = "redis-4.6.0-py3-none-any.whl", hash = "sha256:e2b03db868160ee4591de3cb90d40ebb50a90dd302138775937f6a42b7ed183c"},
    {file = "redis-4.6.0.tar.gz", hash = "sha256:585dc516b9eb042a619ef0a39c3d7d55fe81bdb4df09a52c9cdde0d07bf1aa7d"},
]

[package.dependencies]
async-timeout = {version = ">=4.0.2", markers = "python_full_version <= \"3.11.2\""}

[package.extras]
hiredis = ["hiredis (>=1.0.0)"]
ocsp = ["cryptography (>=36.0.1)", "pyopenssl (==20.0.1)", "requests (>=2.26.0)"]

[[package]]
name = "tomli"
version = "2.0.1"
description = "A lil' TOML parser"
optional = false
python-versions = ">=3.7"
files = [
    {file = "tomli-2.0.1-py3-none-any.whl", hash = "sha256:939de3e7a6161af0c887ef91b7d41a53e7c5a1ca976325f429cb46ea9bc30ecc"},
    {file = "tomli-2.0.1.tar.gz", hash = "sha256:de526c12914f0c550d15924c62d72abc48d6fe7364aa87328337a31007fe8a4f"},
]

[metadata]
lock-version = "2.0"
python-versions = "^3.10"
content-hash = "ef6ed7ad9a071e4fadfccff5dcab69b085985a3f7b7c803cf37d452f07c5b77b"
